
Microsoft Visual Studio Solution File, Format Version 12.00
# Visual Studio Version 17
VisualStudioVersion = 17.6.33815.320
MinimumVisualStudioVersion = 10.0.40219.1
Project("{FAE04EC0-301F-11D3-BF4B-00C04F79EFBC}") = "TalenProjet.Server", "TalenProjet\Server\TalenProjet.Server.csproj", "{F486D9EC-EBF1-40B3-99D8-D7BD37010BA2}"
EndProject
Project("{FAE04EC0-301F-11D3-BF4B-00C04F79EFBC}") = "TalenProjet.Client", "TalenProjet\Client\TalenProjet.Client.csproj", "{F439F7D7-6E63-4592-93AD-DDD59FC67685}"
EndProject
Project("{FAE04EC0-301F-11D3-BF4B-00C04F79EFBC}") = "TalenProjet.Shared", "TalenProjet\Shared\TalenProjet.Shared.csproj", "{9D9DCE7F-55B5-4F81-A031-CB6AB949A62C}"
EndProject
Global
	GlobalSection(SolutionConfigurationPlatforms) = preSolution
		Debug|Any CPU = Debug|Any CPU
		Release|Any CPU = Release|Any CPU
	EndGlobalSection
	GlobalSection(ProjectConfigurationPlatforms) = postSolution
		{F486D9EC-EBF1-40B3-99D8-D7BD37010BA2}.Debug|Any CPU.ActiveCfg = Debug|Any CPU
		{F486D9EC-EBF1-40B3-99D8-D7BD37010BA2}.Debug|Any CPU.Build.0 = Debug|Any CPU
		{F486D9EC-EBF1-40B3-99D8-D7BD37010BA2}.Release|Any CPU.ActiveCfg = Release|Any CPU
		{F486D9EC-EBF1-40B3-99D8-D7BD37010BA2}.Release|Any CPU.Build.0 = Release|Any CPU
		{F439F7D7-6E63-4592-93AD-DDD59FC67685}.Debug|Any CPU.ActiveCfg = Debug|Any CPU
		{F439F7D7-6E63-4592-93AD-DDD59FC67685}.Debug|Any CPU.Build.0 = Debug|Any CPU
		{F439F7D7-6E63-4592-93AD-DDD59FC67685}.Release|Any CPU.ActiveCfg = Release|Any CPU
		{F439F7D7-6E63-4592-93AD-DDD59FC67685}.Release|Any CPU.Build.0 = Release|Any CPU
		{9D9DCE7F-55B5-4F81-A031-CB6AB949A62C}.Debug|Any CPU.ActiveCfg = Debug|Any CPU
		{9D9DCE7F-55B5-4F81-A031-CB6AB949A62C}.Debug|Any CPU.Build.0 = Debug|Any CPU
		{9D9DCE7F-55B5-4F81-A031-CB6AB949A62C}.Release|Any CPU.ActiveCfg = Release|Any CPU
		{9D9DCE7F-55B5-4F81-A031-CB6AB949A62C}.Release|Any CPU.Build.0 = Release|Any CPU
	EndGlobalSection
	GlobalSection(SolutionProperties) = preSolution
		HideSolutionNode = FALSE
	EndGlobalSection
	GlobalSection(ExtensibilityGlobals) = postSolution
		SolutionGuid = {56F1A46B-977B-4F1C-A4E4-B527397EA4B0}
	EndGlobalSection
EndGlobal
